// !$*UTF8*$!
{
	archiveVersion = 1;
	classes = {
	};
	objectVersion = 55;
	objects = {

/* Begin PBXBuildFile section */
		080126FA29D6CF950096B57C /* UIView+Extension.swift in Sources */ = {isa = PBXBuildFile; fileRef = 080126F929D6CF950096B57C /* UIView+Extension.swift */; };
		080126FC29D6CFA90096B57C /* UIStackView+Extension.swift in Sources */ = {isa = PBXBuildFile; fileRef = 080126FB29D6CFA90096B57C /* UIStackView+Extension.swift */; };
		080126FE29D6CFBB0096B57C /* UITableView+Extension.swift in Sources */ = {isa = PBXBuildFile; fileRef = 080126FD29D6CFBB0096B57C /* UITableView+Extension.swift */; };
		0801270029D6CFE50096B57C /* Array+Extension.swift in Sources */ = {isa = PBXBuildFile; fileRef = 080126FF29D6CFE50096B57C /* Array+Extension.swift */; };
		0801270229D6D1080096B57C /* DogBreedsPreferencesView.swift in Sources */ = {isa = PBXBuildFile; fileRef = 0801270129D6D1080096B57C /* DogBreedsPreferencesView.swift */; };
		0801270429D6D16E0096B57C /* DogBreedsErrorView.swift in Sources */ = {isa = PBXBuildFile; fileRef = 0801270329D6D16E0096B57C /* DogBreedsErrorView.swift */; };
		084850282990E30200FF6D02 /* DogBreedsViewModel.swift in Sources */ = {isa = PBXBuildFile; fileRef = 084850272990E30200FF6D02 /* DogBreedsViewModel.swift */; };
		0848502B2990FC0A00FF6D02 /* DogBreedsDataStore.swift in Sources */ = {isa = PBXBuildFile; fileRef = 0848502A2990FC0A00FF6D02 /* DogBreedsDataStore.swift */; };
		0848502D299280BA00FF6D02 /* ModuleBuilder.swift in Sources */ = {isa = PBXBuildFile; fileRef = 0848502C299280BA00FF6D02 /* ModuleBuilder.swift */; };
		08641D3828C4F8C300C345B8 /* AppDelegate.swift in Sources */ = {isa = PBXBuildFile; fileRef = 08641D3728C4F8C300C345B8 /* AppDelegate.swift */; };
		08641D3C28C4F8C300C345B8 /* DogBreedsViewController.swift in Sources */ = {isa = PBXBuildFile; fileRef = 08641D3B28C4F8C300C345B8 /* DogBreedsViewController.swift */; };
		08641D4128C4F8C400C345B8 /* Assets.xcassets in Resources */ = {isa = PBXBuildFile; fileRef = 08641D4028C4F8C400C345B8 /* Assets.xcassets */; };
		08641D4428C4F8C400C345B8 /* LaunchScreen.storyboard in Resources */ = {isa = PBXBuildFile; fileRef = 08641D4228C4F8C400C345B8 /* LaunchScreen.storyboard */; };
		08641D8328C527C500C345B8 /* DogBreedsBuilder.swift in Sources */ = {isa = PBXBuildFile; fileRef = 08641D8228C527C400C345B8 /* DogBreedsBuilder.swift */; };
		08641D8628C5F3D800C345B8 /* DogBreedsView.swift in Sources */ = {isa = PBXBuildFile; fileRef = 08641D8528C5F3D800C345B8 /* DogBreedsView.swift */; };
		08641D8928C5F9E000C345B8 /* DogBreedsTableViewDelegate.swift in Sources */ = {isa = PBXBuildFile; fileRef = 08641D8828C5F9E000C345B8 /* DogBreedsTableViewDelegate.swift */; };
		08641D8B28C5F9ED00C345B8 /* DogBreedsTableViewDataSource.swift in Sources */ = {isa = PBXBuildFile; fileRef = 08641D8A28C5F9ED00C345B8 /* DogBreedsTableViewDataSource.swift */; };
		08641D8E28C5FA0800C345B8 /* DogBreedsCell.swift in Sources */ = {isa = PBXBuildFile; fileRef = 08641D8D28C5FA0800C345B8 /* DogBreedsCell.swift */; };
		08641D9328C5FAB200C345B8 /* DogBreedsData.json in Resources */ = {isa = PBXBuildFile; fileRef = 08641D9228C5FAB200C345B8 /* DogBreedsData.json */; };
		08641D9528C5FAE400C345B8 /* DogBreedsModel.swift in Sources */ = {isa = PBXBuildFile; fileRef = 08641D9428C5FAE400C345B8 /* DogBreedsModel.swift */; };
		08641D9928C5FB2800C345B8 /* DogBreedsService.swift in Sources */ = {isa = PBXBuildFile; fileRef = 08641D9828C5FB2800C345B8 /* DogBreedsService.swift */; };
		08641D9B28C600F100C345B8 /* DogBreedsInteractor.swift in Sources */ = {isa = PBXBuildFile; fileRef = 08641D9A28C600F100C345B8 /* DogBreedsInteractor.swift */; };
		08641D9D28C6010100C345B8 /* DogBreedsPresenter.swift in Sources */ = {isa = PBXBuildFile; fileRef = 08641D9C28C6010100C345B8 /* DogBreedsPresenter.swift */; };
		08641D9F28C6011A00C345B8 /* DogBreedsDataFlow.swift in Sources */ = {isa = PBXBuildFile; fileRef = 08641D9E28C6011900C345B8 /* DogBreedsDataFlow.swift */; };
		088A37FC28F7E015000105BB /* Result.swift in Sources */ = {isa = PBXBuildFile; fileRef = 088A37FB28F7E015000105BB /* Result.swift */; };
		088A37FE28F7F4C5000105BB /* UniqueIdentifiable.swift in Sources */ = {isa = PBXBuildFile; fileRef = 088A37FD28F7F4C5000105BB /* UniqueIdentifiable.swift */; };
		088A380028F7F56B000105BB /* DogBreedsRouter.swift in Sources */ = {isa = PBXBuildFile; fileRef = 088A37FF28F7F56B000105BB /* DogBreedsRouter.swift */; };
		088A380328F7FF13000105BB /* DogBreedsDetailsDataFlow.swift in Sources */ = {isa = PBXBuildFile; fileRef = 088A380228F7FF13000105BB /* DogBreedsDetailsDataFlow.swift */; };
		088A380528F7FF23000105BB /* DogBreedsDetailsBuilder.swift in Sources */ = {isa = PBXBuildFile; fileRef = 088A380428F7FF23000105BB /* DogBreedsDetailsBuilder.swift */; };
		088A380728F7FF32000105BB /* DogBreedsDetailsInteractor.swift in Sources */ = {isa = PBXBuildFile; fileRef = 088A380628F7FF32000105BB /* DogBreedsDetailsInteractor.swift */; };
		088A380928F7FF3E000105BB /* DogBreedsDetailsPresenter.swift in Sources */ = {isa = PBXBuildFile; fileRef = 088A380828F7FF3E000105BB /* DogBreedsDetailsPresenter.swift */; };
		088A380B28F7FF4F000105BB /* DogBreedsDetailsViewController.swift in Sources */ = {isa = PBXBuildFile; fileRef = 088A380A28F7FF4F000105BB /* DogBreedsDetailsViewController.swift */; };
		088A380D28F7FF68000105BB /* DogBreedsDetailsView.swift in Sources */ = {isa = PBXBuildFile; fileRef = 088A380C28F7FF68000105BB /* DogBreedsDetailsView.swift */; };
		088A381028F8016C000105BB /* LocationDetailsProvider.swift in Sources */ = {isa = PBXBuildFile; fileRef = 088A380F28F8016C000105BB /* LocationDetailsProvider.swift */; };
		088A381328F9307E000105BB /* DogBreedsProvider.swift in Sources */ = {isa = PBXBuildFile; fileRef = 088A381228F9307E000105BB /* DogBreedsProvider.swift */; };
		08A816522C36FB2100AE7772 /* OnboardingView.swift in Sources */ = {isa = PBXBuildFile; fileRef = 08A816512C36FB2100AE7772 /* OnboardingView.swift */; };
		08A816542C36FB3800AE7772 /* OnboardingViewController.swift in Sources */ = {isa = PBXBuildFile; fileRef = 08A816532C36FB3800AE7772 /* OnboardingViewController.swift */; };
		08A816562C36FBEB00AE7772 /* Animation - dog.json in Resources */ = {isa = PBXBuildFile; fileRef = 08A816552C36FBEB00AE7772 /* Animation - dog.json */; };
		08A816582C37AFB900AE7772 /* Animation - dog and man.json in Resources */ = {isa = PBXBuildFile; fileRef = 08A816572C37AFB900AE7772 /* Animation - dog and man.json */; };
		08A8165A2C37B65F00AE7772 /* OnboardingSlideView.swift in Sources */ = {isa = PBXBuildFile; fileRef = 08A816592C37B65F00AE7772 /* OnboardingSlideView.swift */; };
		08D7D4A12C27FF6800D104D8 /* ProfileView.swift in Sources */ = {isa = PBXBuildFile; fileRef = 08D7D4A02C27FF6800D104D8 /* ProfileView.swift */; };
		08D7D4A32C27FF7500D104D8 /* ProfileViewController.swift in Sources */ = {isa = PBXBuildFile; fileRef = 08D7D4A22C27FF7500D104D8 /* ProfileViewController.swift */; };
		08D7D4A52C27FF8500D104D8 /* ProfileInteractor.swift in Sources */ = {isa = PBXBuildFile; fileRef = 08D7D4A42C27FF8500D104D8 /* ProfileInteractor.swift */; };
		08D7D4A72C27FF9100D104D8 /* ProfilePresenter.swift in Sources */ = {isa = PBXBuildFile; fileRef = 08D7D4A62C27FF9100D104D8 /* ProfilePresenter.swift */; };
		08D7D4AD2C27FFDC00D104D8 /* ProfileViewDataFlow.swift in Sources */ = {isa = PBXBuildFile; fileRef = 08D7D4AC2C27FFDC00D104D8 /* ProfileViewDataFlow.swift */; };
		08D7D4B02C2802AE00D104D8 /* ProfileViewModel.swift in Sources */ = {isa = PBXBuildFile; fileRef = 08D7D4AF2C2802AE00D104D8 /* ProfileViewModel.swift */; };
		08D7D4B32C2802D200D104D8 /* ProfileModel.swift in Sources */ = {isa = PBXBuildFile; fileRef = 08D7D4B22C2802D200D104D8 /* ProfileModel.swift */; };
		08D7D4B62C2802F100D104D8 /* ProfileProvider.swift in Sources */ = {isa = PBXBuildFile; fileRef = 08D7D4B52C2802F100D104D8 /* ProfileProvider.swift */; };
		08D7D4BF2C28125900D104D8 /* PlistHelper.swift in Sources */ = {isa = PBXBuildFile; fileRef = 08D7D4BE2C28125900D104D8 /* PlistHelper.swift */; };
		08D7D4C12C28194A00D104D8 /* UIImage+Extension.swift in Sources */ = {isa = PBXBuildFile; fileRef = 08D7D4C02C28194A00D104D8 /* UIImage+Extension.swift */; };
		08D7D4C32C282EB200D104D8 /* ProfileService.swift in Sources */ = {isa = PBXBuildFile; fileRef = 08D7D4C22C282EB200D104D8 /* ProfileService.swift */; };
		08D7D4C52C28637400D104D8 /* ProfileDataStore.swift in Sources */ = {isa = PBXBuildFile; fileRef = 08D7D4C42C28637400D104D8 /* ProfileDataStore.swift */; };
		08D7D4C72C2875FF00D104D8 /* UIViewController+Extension.swift in Sources */ = {isa = PBXBuildFile; fileRef = 08D7D4C62C2875FF00D104D8 /* UIViewController+Extension.swift */; };
		08D7D4C92C28825B00D104D8 /* BlockBarButtonItem.swift in Sources */ = {isa = PBXBuildFile; fileRef = 08D7D4C82C28825B00D104D8 /* BlockBarButtonItem.swift */; };
		08D7D4CB2C28942700D104D8 /* Sizes.swift in Sources */ = {isa = PBXBuildFile; fileRef = 08D7D4CA2C28942700D104D8 /* Sizes.swift */; };
		08E619E62C26E7E80067797F /* DBDefaults.swift in Sources */ = {isa = PBXBuildFile; fileRef = 08E619E52C26E7E80067797F /* DBDefaults.swift */; };
		08E619E82C26EA620067797F /* DBDefaultsKeys.swift in Sources */ = {isa = PBXBuildFile; fileRef = 08E619E72C26EA620067797F /* DBDefaultsKeys.swift */; };
		08E77A4B29547DAF002EB211 /* DogBreedsDetailsViewModel.swift in Sources */ = {isa = PBXBuildFile; fileRef = 08E77A4A29547DAF002EB211 /* DogBreedsDetailsViewModel.swift */; };
		71693B89E2A9B6B3B170A55E /* Pods_DodsBreed.framework in Frameworks */ = {isa = PBXBuildFile; fileRef = EAB3D5348010AC162824DD5F /* Pods_DodsBreed.framework */; };
		99D551D0B0EB1CAE0202C5DB /* Pods_DodsBreed.framework in Frameworks */ = {isa = PBXBuildFile; fileRef = F96F4E6BEBBDC729B1BB1227 /* Pods_DodsBreed.framework */; };
/* End PBXBuildFile section */

/* Begin PBXContainerItemProxy section */
		08641D4B28C4F8C400C345B8 /* PBXContainerItemProxy */ = {
			isa = PBXContainerItemProxy;
			containerPortal = 08641D2C28C4F8C300C345B8 /* Project object */;
			proxyType = 1;
			remoteGlobalIDString = 08641D3328C4F8C300C345B8;
			remoteInfo = DodsBreed;
		};
		08641D5528C4F8C400C345B8 /* PBXContainerItemProxy */ = {
			isa = PBXContainerItemProxy;
			containerPortal = 08641D2C28C4F8C300C345B8 /* Project object */;
			proxyType = 1;
			remoteGlobalIDString = 08641D3328C4F8C300C345B8;
			remoteInfo = DodsBreed;
		};
/* End PBXContainerItemProxy section */

/* Begin PBXFileReference section */
		080126F929D6CF950096B57C /* UIView+Extension.swift */ = {isa = PBXFileReference; lastKnownFileType = sourcecode.swift; path = "UIView+Extension.swift"; sourceTree = "<group>"; };
		080126FB29D6CFA90096B57C /* UIStackView+Extension.swift */ = {isa = PBXFileReference; lastKnownFileType = sourcecode.swift; path = "UIStackView+Extension.swift"; sourceTree = "<group>"; };
		080126FD29D6CFBB0096B57C /* UITableView+Extension.swift */ = {isa = PBXFileReference; lastKnownFileType = sourcecode.swift; path = "UITableView+Extension.swift"; sourceTree = "<group>"; };
		080126FF29D6CFE50096B57C /* Array+Extension.swift */ = {isa = PBXFileReference; lastKnownFileType = sourcecode.swift; path = "Array+Extension.swift"; sourceTree = "<group>"; };
		0801270129D6D1080096B57C /* DogBreedsPreferencesView.swift */ = {isa = PBXFileReference; lastKnownFileType = sourcecode.swift; path = DogBreedsPreferencesView.swift; sourceTree = "<group>"; };
		0801270329D6D16E0096B57C /* DogBreedsErrorView.swift */ = {isa = PBXFileReference; lastKnownFileType = sourcecode.swift; path = DogBreedsErrorView.swift; sourceTree = "<group>"; };
		084850272990E30200FF6D02 /* DogBreedsViewModel.swift */ = {isa = PBXFileReference; lastKnownFileType = sourcecode.swift; path = DogBreedsViewModel.swift; sourceTree = "<group>"; };
		0848502A2990FC0A00FF6D02 /* DogBreedsDataStore.swift */ = {isa = PBXFileReference; lastKnownFileType = sourcecode.swift; path = DogBreedsDataStore.swift; sourceTree = "<group>"; };
		0848502C299280BA00FF6D02 /* ModuleBuilder.swift */ = {isa = PBXFileReference; lastKnownFileType = sourcecode.swift; path = ModuleBuilder.swift; sourceTree = "<group>"; };
		08641D3428C4F8C300C345B8 /* DodsBreed.app */ = {isa = PBXFileReference; explicitFileType = wrapper.application; includeInIndex = 0; path = DodsBreed.app; sourceTree = BUILT_PRODUCTS_DIR; };
		08641D3728C4F8C300C345B8 /* AppDelegate.swift */ = {isa = PBXFileReference; lastKnownFileType = sourcecode.swift; path = AppDelegate.swift; sourceTree = "<group>"; };
		08641D3B28C4F8C300C345B8 /* DogBreedsViewController.swift */ = {isa = PBXFileReference; lastKnownFileType = sourcecode.swift; path = DogBreedsViewController.swift; sourceTree = "<group>"; };
		08641D4028C4F8C400C345B8 /* Assets.xcassets */ = {isa = PBXFileReference; lastKnownFileType = folder.assetcatalog; path = Assets.xcassets; sourceTree = "<group>"; };
		08641D4328C4F8C400C345B8 /* Base */ = {isa = PBXFileReference; lastKnownFileType = file.storyboard; name = Base; path = Base.lproj/LaunchScreen.storyboard; sourceTree = "<group>"; };
		08641D4528C4F8C400C345B8 /* Info.plist */ = {isa = PBXFileReference; lastKnownFileType = text.plist.xml; path = Info.plist; sourceTree = "<group>"; };
		08641D4A28C4F8C400C345B8 /* DodsBreedTests.xctest */ = {isa = PBXFileReference; explicitFileType = wrapper.cfbundle; includeInIndex = 0; path = DodsBreedTests.xctest; sourceTree = BUILT_PRODUCTS_DIR; };
		08641D5428C4F8C400C345B8 /* DodsBreedUITests.xctest */ = {isa = PBXFileReference; explicitFileType = wrapper.cfbundle; includeInIndex = 0; path = DodsBreedUITests.xctest; sourceTree = BUILT_PRODUCTS_DIR; };
		08641D8228C527C400C345B8 /* DogBreedsBuilder.swift */ = {isa = PBXFileReference; lastKnownFileType = sourcecode.swift; path = DogBreedsBuilder.swift; sourceTree = "<group>"; };
		08641D8528C5F3D800C345B8 /* DogBreedsView.swift */ = {isa = PBXFileReference; lastKnownFileType = sourcecode.swift; path = DogBreedsView.swift; sourceTree = "<group>"; };
		08641D8828C5F9E000C345B8 /* DogBreedsTableViewDelegate.swift */ = {isa = PBXFileReference; lastKnownFileType = sourcecode.swift; path = DogBreedsTableViewDelegate.swift; sourceTree = "<group>"; };
		08641D8A28C5F9ED00C345B8 /* DogBreedsTableViewDataSource.swift */ = {isa = PBXFileReference; lastKnownFileType = sourcecode.swift; path = DogBreedsTableViewDataSource.swift; sourceTree = "<group>"; };
		08641D8D28C5FA0800C345B8 /* DogBreedsCell.swift */ = {isa = PBXFileReference; lastKnownFileType = sourcecode.swift; path = DogBreedsCell.swift; sourceTree = "<group>"; };
		08641D9228C5FAB200C345B8 /* DogBreedsData.json */ = {isa = PBXFileReference; fileEncoding = 4; lastKnownFileType = text.json; path = DogBreedsData.json; sourceTree = "<group>"; };
		08641D9428C5FAE400C345B8 /* DogBreedsModel.swift */ = {isa = PBXFileReference; lastKnownFileType = sourcecode.swift; path = DogBreedsModel.swift; sourceTree = "<group>"; };
		08641D9828C5FB2800C345B8 /* DogBreedsService.swift */ = {isa = PBXFileReference; lastKnownFileType = sourcecode.swift; path = DogBreedsService.swift; sourceTree = "<group>"; };
		08641D9A28C600F100C345B8 /* DogBreedsInteractor.swift */ = {isa = PBXFileReference; lastKnownFileType = sourcecode.swift; path = DogBreedsInteractor.swift; sourceTree = "<group>"; };
		08641D9C28C6010100C345B8 /* DogBreedsPresenter.swift */ = {isa = PBXFileReference; lastKnownFileType = sourcecode.swift; path = DogBreedsPresenter.swift; sourceTree = "<group>"; };
		08641D9E28C6011900C345B8 /* DogBreedsDataFlow.swift */ = {isa = PBXFileReference; lastKnownFileType = sourcecode.swift; path = DogBreedsDataFlow.swift; sourceTree = "<group>"; };
		088A37FB28F7E015000105BB /* Result.swift */ = {isa = PBXFileReference; lastKnownFileType = sourcecode.swift; path = Result.swift; sourceTree = "<group>"; };
		088A37FD28F7F4C5000105BB /* UniqueIdentifiable.swift */ = {isa = PBXFileReference; lastKnownFileType = sourcecode.swift; path = UniqueIdentifiable.swift; sourceTree = "<group>"; };
		088A37FF28F7F56B000105BB /* DogBreedsRouter.swift */ = {isa = PBXFileReference; lastKnownFileType = sourcecode.swift; path = DogBreedsRouter.swift; sourceTree = "<group>"; };
		088A380228F7FF13000105BB /* DogBreedsDetailsDataFlow.swift */ = {isa = PBXFileReference; lastKnownFileType = sourcecode.swift; path = DogBreedsDetailsDataFlow.swift; sourceTree = "<group>"; };
		088A380428F7FF23000105BB /* DogBreedsDetailsBuilder.swift */ = {isa = PBXFileReference; lastKnownFileType = sourcecode.swift; path = DogBreedsDetailsBuilder.swift; sourceTree = "<group>"; };
		088A380628F7FF32000105BB /* DogBreedsDetailsInteractor.swift */ = {isa = PBXFileReference; lastKnownFileType = sourcecode.swift; path = DogBreedsDetailsInteractor.swift; sourceTree = "<group>"; };
		088A380828F7FF3E000105BB /* DogBreedsDetailsPresenter.swift */ = {isa = PBXFileReference; lastKnownFileType = sourcecode.swift; path = DogBreedsDetailsPresenter.swift; sourceTree = "<group>"; };
		088A380A28F7FF4F000105BB /* DogBreedsDetailsViewController.swift */ = {isa = PBXFileReference; lastKnownFileType = sourcecode.swift; path = DogBreedsDetailsViewController.swift; sourceTree = "<group>"; };
		088A380C28F7FF68000105BB /* DogBreedsDetailsView.swift */ = {isa = PBXFileReference; lastKnownFileType = sourcecode.swift; path = DogBreedsDetailsView.swift; sourceTree = "<group>"; };
		088A380F28F8016C000105BB /* LocationDetailsProvider.swift */ = {isa = PBXFileReference; lastKnownFileType = sourcecode.swift; path = LocationDetailsProvider.swift; sourceTree = "<group>"; };
		088A381228F9307E000105BB /* DogBreedsProvider.swift */ = {isa = PBXFileReference; lastKnownFileType = sourcecode.swift; path = DogBreedsProvider.swift; sourceTree = "<group>"; };
		08A816512C36FB2100AE7772 /* OnboardingView.swift */ = {isa = PBXFileReference; lastKnownFileType = sourcecode.swift; path = OnboardingView.swift; sourceTree = "<group>"; };
		08A816532C36FB3800AE7772 /* OnboardingViewController.swift */ = {isa = PBXFileReference; lastKnownFileType = sourcecode.swift; path = OnboardingViewController.swift; sourceTree = "<group>"; };
		08A816552C36FBEB00AE7772 /* Animation - dog.json */ = {isa = PBXFileReference; fileEncoding = 4; lastKnownFileType = text.json; path = "Animation - dog.json"; sourceTree = "<group>"; };
		08A816572C37AFB900AE7772 /* Animation - dog and man.json */ = {isa = PBXFileReference; fileEncoding = 4; lastKnownFileType = text.json; path = "Animation - dog and man.json"; sourceTree = "<group>"; };
		08A816592C37B65F00AE7772 /* OnboardingSlideView.swift */ = {isa = PBXFileReference; lastKnownFileType = sourcecode.swift; path = OnboardingSlideView.swift; sourceTree = "<group>"; };
		08D7D4A02C27FF6800D104D8 /* ProfileView.swift */ = {isa = PBXFileReference; lastKnownFileType = sourcecode.swift; path = ProfileView.swift; sourceTree = "<group>"; };
		08D7D4A22C27FF7500D104D8 /* ProfileViewController.swift */ = {isa = PBXFileReference; lastKnownFileType = sourcecode.swift; path = ProfileViewController.swift; sourceTree = "<group>"; };
		08D7D4A42C27FF8500D104D8 /* ProfileInteractor.swift */ = {isa = PBXFileReference; lastKnownFileType = sourcecode.swift; path = ProfileInteractor.swift; sourceTree = "<group>"; };
		08D7D4A62C27FF9100D104D8 /* ProfilePresenter.swift */ = {isa = PBXFileReference; lastKnownFileType = sourcecode.swift; path = ProfilePresenter.swift; sourceTree = "<group>"; };
		08D7D4AC2C27FFDC00D104D8 /* ProfileViewDataFlow.swift */ = {isa = PBXFileReference; lastKnownFileType = sourcecode.swift; path = ProfileViewDataFlow.swift; sourceTree = "<group>"; };
		08D7D4AF2C2802AE00D104D8 /* ProfileViewModel.swift */ = {isa = PBXFileReference; lastKnownFileType = sourcecode.swift; path = ProfileViewModel.swift; sourceTree = "<group>"; };
		08D7D4B22C2802D200D104D8 /* ProfileModel.swift */ = {isa = PBXFileReference; lastKnownFileType = sourcecode.swift; path = ProfileModel.swift; sourceTree = "<group>"; };
		08D7D4B52C2802F100D104D8 /* ProfileProvider.swift */ = {isa = PBXFileReference; lastKnownFileType = sourcecode.swift; path = ProfileProvider.swift; sourceTree = "<group>"; };
		08D7D4BE2C28125900D104D8 /* PlistHelper.swift */ = {isa = PBXFileReference; lastKnownFileType = sourcecode.swift; path = PlistHelper.swift; sourceTree = "<group>"; };
		08D7D4C02C28194A00D104D8 /* UIImage+Extension.swift */ = {isa = PBXFileReference; lastKnownFileType = sourcecode.swift; path = "UIImage+Extension.swift"; sourceTree = "<group>"; };
		08D7D4C22C282EB200D104D8 /* ProfileService.swift */ = {isa = PBXFileReference; lastKnownFileType = sourcecode.swift; path = ProfileService.swift; sourceTree = "<group>"; };
		08D7D4C42C28637400D104D8 /* ProfileDataStore.swift */ = {isa = PBXFileReference; lastKnownFileType = sourcecode.swift; path = ProfileDataStore.swift; sourceTree = "<group>"; };
		08D7D4C62C2875FF00D104D8 /* UIViewController+Extension.swift */ = {isa = PBXFileReference; lastKnownFileType = sourcecode.swift; path = "UIViewController+Extension.swift"; sourceTree = "<group>"; };
		08D7D4C82C28825B00D104D8 /* BlockBarButtonItem.swift */ = {isa = PBXFileReference; lastKnownFileType = sourcecode.swift; path = BlockBarButtonItem.swift; sourceTree = "<group>"; };
		08D7D4CA2C28942700D104D8 /* Sizes.swift */ = {isa = PBXFileReference; lastKnownFileType = sourcecode.swift; path = Sizes.swift; sourceTree = "<group>"; };
		08E619E52C26E7E80067797F /* DBDefaults.swift */ = {isa = PBXFileReference; lastKnownFileType = sourcecode.swift; path = DBDefaults.swift; sourceTree = "<group>"; };
		08E619E72C26EA620067797F /* DBDefaultsKeys.swift */ = {isa = PBXFileReference; lastKnownFileType = sourcecode.swift; path = DBDefaultsKeys.swift; sourceTree = "<group>"; };
		08E77A4A29547DAF002EB211 /* DogBreedsDetailsViewModel.swift */ = {isa = PBXFileReference; lastKnownFileType = sourcecode.swift; path = DogBreedsDetailsViewModel.swift; sourceTree = "<group>"; };
		4DE8DD5E9F8DDB2BBDCE5AAA /* Pods-DodsBreed.release.xcconfig */ = {isa = PBXFileReference; includeInIndex = 1; lastKnownFileType = text.xcconfig; name = "Pods-DodsBreed.release.xcconfig"; path = "Target Support Files/Pods-DodsBreed/Pods-DodsBreed.release.xcconfig"; sourceTree = "<group>"; };
		EAB3D5348010AC162824DD5F /* Pods_DodsBreed.framework */ = {isa = PBXFileReference; explicitFileType = wrapper.framework; includeInIndex = 0; path = Pods_DodsBreed.framework; sourceTree = BUILT_PRODUCTS_DIR; };
		F593CFDDBAFB41CFA3683CCA /* Pods-DodsBreed.debug.xcconfig */ = {isa = PBXFileReference; includeInIndex = 1; lastKnownFileType = text.xcconfig; name = "Pods-DodsBreed.debug.xcconfig"; path = "Target Support Files/Pods-DodsBreed/Pods-DodsBreed.debug.xcconfig"; sourceTree = "<group>"; };
		F96F4E6BEBBDC729B1BB1227 /* Pods_DodsBreed.framework */ = {isa = PBXFileReference; explicitFileType = wrapper.framework; includeInIndex = 0; path = Pods_DodsBreed.framework; sourceTree = BUILT_PRODUCTS_DIR; };
/* End PBXFileReference section */

/* Begin PBXFrameworksBuildPhase section */
		08641D3128C4F8C300C345B8 /* Frameworks */ = {
			isa = PBXFrameworksBuildPhase;
			buildActionMask = 2147483647;
			files = (
				99D551D0B0EB1CAE0202C5DB /* Pods_DodsBreed.framework in Frameworks */,
				71693B89E2A9B6B3B170A55E /* Pods_DodsBreed.framework in Frameworks */,
			);
			runOnlyForDeploymentPostprocessing = 0;
		};
		08641D4728C4F8C400C345B8 /* Frameworks */ = {
			isa = PBXFrameworksBuildPhase;
			buildActionMask = 2147483647;
			files = (
			);
			runOnlyForDeploymentPostprocessing = 0;
		};
		08641D5128C4F8C400C345B8 /* Frameworks */ = {
			isa = PBXFrameworksBuildPhase;
			buildActionMask = 2147483647;
			files = (
			);
			runOnlyForDeploymentPostprocessing = 0;
		};
/* End PBXFrameworksBuildPhase section */

/* Begin PBXGroup section */
		080126F829D6CF750096B57C /* Extensions */ = {
			isa = PBXGroup;
			children = (
				080126F929D6CF950096B57C /* UIView+Extension.swift */,
				080126FB29D6CFA90096B57C /* UIStackView+Extension.swift */,
				080126FD29D6CFBB0096B57C /* UITableView+Extension.swift */,
				080126FF29D6CFE50096B57C /* Array+Extension.swift */,
				08D7D4C02C28194A00D104D8 /* UIImage+Extension.swift */,
				08D7D4C62C2875FF00D104D8 /* UIViewController+Extension.swift */,
			);
			path = Extensions;
			sourceTree = "<group>";
		};
		084850262990E1AD00FF6D02 /* Model */ = {
			isa = PBXGroup;
			children = (
				08E619E92C270D4E0067797F /* APIModel */,
				08E619EA2C270D5D0067797F /* ViewModel */,
			);
			path = Model;
			sourceTree = "<group>";
		};
		08641D2B28C4F8C300C345B8 = {
			isa = PBXGroup;
			children = (
				08641D3628C4F8C300C345B8 /* DodsBreed */,
				08641D3528C4F8C300C345B8 /* Products */,
				BE7A6090F79D1E378DF7A698 /* Pods */,
				EBAB0E0FC188430001DD1404 /* Frameworks */,
			);
			sourceTree = "<group>";
		};
		08641D3528C4F8C300C345B8 /* Products */ = {
			isa = PBXGroup;
			children = (
				08641D3428C4F8C300C345B8 /* DodsBreed.app */,
				08641D4A28C4F8C400C345B8 /* DodsBreedTests.xctest */,
				08641D5428C4F8C400C345B8 /* DodsBreedUITests.xctest */,
			);
			name = Products;
			sourceTree = "<group>";
		};
		08641D3628C4F8C300C345B8 /* DodsBreed */ = {
			isa = PBXGroup;
			children = (
				08D7D4BC2C28123600D104D8 /* Coomon */,
				08D7D4B82C28114A00D104D8 /* DesignSystem */,
				08641D3728C4F8C300C345B8 /* AppDelegate.swift */,
				080126F829D6CF750096B57C /* Extensions */,
				08641D6728C5002600C345B8 /* Sourses */,
				08A8164E2C36FAF500AE7772 /* OnboardingScene */,
				08D7D49F2C27FF2900D104D8 /* ProfileScene */,
				08641D8428C5E6C400C345B8 /* BreedDogsScene */,
				088A380128F7FE8E000105BB /* DogBreedsDetailsScene */,
				08641D4028C4F8C400C345B8 /* Assets.xcassets */,
				08641D9228C5FAB200C345B8 /* DogBreedsData.json */,
				08641D4228C4F8C400C345B8 /* LaunchScreen.storyboard */,
				08641D4528C4F8C400C345B8 /* Info.plist */,
			);
			path = DodsBreed;
			sourceTree = "<group>";
		};
		08641D6728C5002600C345B8 /* Sourses */ = {
			isa = PBXGroup;
			children = (
				08641D6828C5005400C345B8 /* Common */,
			);
			path = Sourses;
			sourceTree = "<group>";
		};
		08641D6828C5005400C345B8 /* Common */ = {
			isa = PBXGroup;
			children = (
				0848502C299280BA00FF6D02 /* ModuleBuilder.swift */,
				088A37FD28F7F4C5000105BB /* UniqueIdentifiable.swift */,
				088A37FB28F7E015000105BB /* Result.swift */,
				08E619E42C26E79B0067797F /* Managers */,
			);
			path = Common;
			sourceTree = "<group>";
		};
		08641D8428C5E6C400C345B8 /* BreedDogsScene */ = {
			isa = PBXGroup;
			children = (
				08641D9E28C6011900C345B8 /* DogBreedsDataFlow.swift */,
				08641D8228C527C400C345B8 /* DogBreedsBuilder.swift */,
				088A37FF28F7F56B000105BB /* DogBreedsRouter.swift */,
				08641D9A28C600F100C345B8 /* DogBreedsInteractor.swift */,
				08641D9C28C6010100C345B8 /* DogBreedsPresenter.swift */,
				08641D3B28C4F8C300C345B8 /* DogBreedsViewController.swift */,
				08641D8528C5F3D800C345B8 /* DogBreedsView.swift */,
				0801270329D6D16E0096B57C /* DogBreedsErrorView.swift */,
				0801270129D6D1080096B57C /* DogBreedsPreferencesView.swift */,
				08641D8728C5F9C700C345B8 /* TableView */,
				08641D8C28C5F9F400C345B8 /* View */,
				088A381128F93050000105BB /* Provider */,
				084850262990E1AD00FF6D02 /* Model */,
			);
			path = BreedDogsScene;
			sourceTree = "<group>";
		};
		08641D8728C5F9C700C345B8 /* TableView */ = {
			isa = PBXGroup;
			children = (
				08641D8828C5F9E000C345B8 /* DogBreedsTableViewDelegate.swift */,
				08641D8A28C5F9ED00C345B8 /* DogBreedsTableViewDataSource.swift */,
			);
			path = TableView;
			sourceTree = "<group>";
		};
		08641D8C28C5F9F400C345B8 /* View */ = {
			isa = PBXGroup;
			children = (
				08641D8D28C5FA0800C345B8 /* DogBreedsCell.swift */,
			);
			path = View;
			sourceTree = "<group>";
		};
		08641D9128C5FA6300C345B8 /* Model */ = {
			isa = PBXGroup;
			children = (
				08E77A4A29547DAF002EB211 /* DogBreedsDetailsViewModel.swift */,
				47CD679429A6C35CF90B534A /* Frameworks */,
			);
			path = Model;
			sourceTree = "<group>";
		};
		088A380128F7FE8E000105BB /* DogBreedsDetailsScene */ = {
			isa = PBXGroup;
			children = (
				088A380228F7FF13000105BB /* DogBreedsDetailsDataFlow.swift */,
				088A380428F7FF23000105BB /* DogBreedsDetailsBuilder.swift */,
				088A380628F7FF32000105BB /* DogBreedsDetailsInteractor.swift */,
				088A380828F7FF3E000105BB /* DogBreedsDetailsPresenter.swift */,
				088A380A28F7FF4F000105BB /* DogBreedsDetailsViewController.swift */,
				088A380C28F7FF68000105BB /* DogBreedsDetailsView.swift */,
				088A380E28F80154000105BB /* Provider */,
				08641D9128C5FA6300C345B8 /* Model */,
			);
			path = DogBreedsDetailsScene;
			sourceTree = "<group>";
		};
		088A380E28F80154000105BB /* Provider */ = {
			isa = PBXGroup;
			children = (
				088A380F28F8016C000105BB /* LocationDetailsProvider.swift */,
			);
			path = Provider;
			sourceTree = "<group>";
		};
		088A381128F93050000105BB /* Provider */ = {
			isa = PBXGroup;
			children = (
				088A381228F9307E000105BB /* DogBreedsProvider.swift */,
				0848502A2990FC0A00FF6D02 /* DogBreedsDataStore.swift */,
				08641D9828C5FB2800C345B8 /* DogBreedsService.swift */,
			);
			path = Provider;
			sourceTree = "<group>";
		};
		08A8164E2C36FAF500AE7772 /* OnboardingScene */ = {
			isa = PBXGroup;
			children = (
				08A816572C37AFB900AE7772 /* Animation - dog and man.json */,
				08A816552C36FBEB00AE7772 /* Animation - dog.json */,
				08A816512C36FB2100AE7772 /* OnboardingView.swift */,
				08A816532C36FB3800AE7772 /* OnboardingViewController.swift */,
				08A816592C37B65F00AE7772 /* OnboardingSlideView.swift */,
			);
			path = OnboardingScene;
			sourceTree = "<group>";
		};
		08D7D49F2C27FF2900D104D8 /* ProfileScene */ = {
			isa = PBXGroup;
			children = (
				08D7D4AC2C27FFDC00D104D8 /* ProfileViewDataFlow.swift */,
				08D7D4A42C27FF8500D104D8 /* ProfileInteractor.swift */,
				08D7D4A62C27FF9100D104D8 /* ProfilePresenter.swift */,
				08D7D4A02C27FF6800D104D8 /* ProfileView.swift */,
				08D7D4A22C27FF7500D104D8 /* ProfileViewController.swift */,
				08D7D4B72C28035C00D104D8 /* Model */,
				08D7D4B42C2802DA00D104D8 /* Provider */,
			);
			path = ProfileScene;
			sourceTree = "<group>";
		};
		08D7D4AE2C28029400D104D8 /* ViewModel */ = {
			isa = PBXGroup;
			children = (
				08D7D4AF2C2802AE00D104D8 /* ProfileViewModel.swift */,
			);
			path = ViewModel;
			sourceTree = "<group>";
		};
		08D7D4B12C2802B900D104D8 /* ApiModel */ = {
			isa = PBXGroup;
			children = (
				08D7D4B22C2802D200D104D8 /* ProfileModel.swift */,
			);
			path = ApiModel;
			sourceTree = "<group>";
		};
		08D7D4B42C2802DA00D104D8 /* Provider */ = {
			isa = PBXGroup;
			children = (
				08D7D4B52C2802F100D104D8 /* ProfileProvider.swift */,
				08D7D4C22C282EB200D104D8 /* ProfileService.swift */,
				08D7D4C42C28637400D104D8 /* ProfileDataStore.swift */,
			);
			path = Provider;
			sourceTree = "<group>";
		};
		08D7D4B72C28035C00D104D8 /* Model */ = {
			isa = PBXGroup;
			children = (
				08D7D4AE2C28029400D104D8 /* ViewModel */,
				08D7D4B12C2802B900D104D8 /* ApiModel */,
			);
			path = Model;
			sourceTree = "<group>";
		};
		08D7D4B82C28114A00D104D8 /* DesignSystem */ = {
			isa = PBXGroup;
			children = (
				08D7D4B92C28116B00D104D8 /* View */,
				08D7D4CA2C28942700D104D8 /* Sizes.swift */,
			);
			path = DesignSystem;
			sourceTree = "<group>";
		};
		08D7D4B92C28116B00D104D8 /* View */ = {
			isa = PBXGroup;
			children = (
				08D7D4C82C28825B00D104D8 /* BlockBarButtonItem.swift */,
			);
			path = View;
			sourceTree = "<group>";
		};
		08D7D4BC2C28123600D104D8 /* Coomon */ = {
			isa = PBXGroup;
			children = (
				08D7D4BD2C28124500D104D8 /* Helpers */,
			);
			path = Coomon;
			sourceTree = "<group>";
		};
		08D7D4BD2C28124500D104D8 /* Helpers */ = {
			isa = PBXGroup;
			children = (
				08D7D4BE2C28125900D104D8 /* PlistHelper.swift */,
			);
			path = Helpers;
			sourceTree = "<group>";
		};
		08E619E42C26E79B0067797F /* Managers */ = {
			isa = PBXGroup;
			children = (
				08E619E52C26E7E80067797F /* DBDefaults.swift */,
				08E619E72C26EA620067797F /* DBDefaultsKeys.swift */,
			);
			path = Managers;
			sourceTree = "<group>";
		};
		08E619E92C270D4E0067797F /* APIModel */ = {
			isa = PBXGroup;
			children = (
				08641D9428C5FAE400C345B8 /* DogBreedsModel.swift */,
			);
			path = APIModel;
			sourceTree = "<group>";
		};
		08E619EA2C270D5D0067797F /* ViewModel */ = {
			isa = PBXGroup;
			children = (
				084850272990E30200FF6D02 /* DogBreedsViewModel.swift */,
			);
			path = ViewModel;
			sourceTree = "<group>";
		};
		47CD679429A6C35CF90B534A /* Frameworks */ = {
			isa = PBXGroup;
			children = (
				F96F4E6BEBBDC729B1BB1227 /* Pods_DodsBreed.framework */,
			);
			name = Frameworks;
			path = ../../..;
			sourceTree = "<group>";
		};
		BE7A6090F79D1E378DF7A698 /* Pods */ = {
			isa = PBXGroup;
			children = (
				F593CFDDBAFB41CFA3683CCA /* Pods-DodsBreed.debug.xcconfig */,
				4DE8DD5E9F8DDB2BBDCE5AAA /* Pods-DodsBreed.release.xcconfig */,
			);
			path = Pods;
			sourceTree = "<group>";
		};
		EBAB0E0FC188430001DD1404 /* Frameworks */ = {
			isa = PBXGroup;
			children = (
				EAB3D5348010AC162824DD5F /* Pods_DodsBreed.framework */,
			);
			name = Frameworks;
			sourceTree = "<group>";
		};
/* End PBXGroup section */

/* Begin PBXNativeTarget section */
		08641D3328C4F8C300C345B8 /* DodsBreed */ = {
			isa = PBXNativeTarget;
			buildConfigurationList = 08641D5E28C4F8C400C345B8 /* Build configuration list for PBXNativeTarget "DodsBreed" */;
			buildPhases = (
				4A79598613056C4FCF8293CE /* [CP] Check Pods Manifest.lock */,
				08641D3028C4F8C300C345B8 /* Sources */,
				08641D3128C4F8C300C345B8 /* Frameworks */,
				08641D3228C4F8C300C345B8 /* Resources */,
				341E3953026C67B5FAD34FF8 /* [CP] Embed Pods Frameworks */,
				CBFB78D9F998F664599CF19C /* [CP] Copy Pods Resources */,
			);
			buildRules = (
			);
			dependencies = (
			);
			name = DodsBreed;
			productName = DodsBreed;
			productReference = 08641D3428C4F8C300C345B8 /* DodsBreed.app */;
			productType = "com.apple.product-type.application";
		};
		08641D4928C4F8C400C345B8 /* DodsBreedTests */ = {
			isa = PBXNativeTarget;
			buildConfigurationList = 08641D6128C4F8C400C345B8 /* Build configuration list for PBXNativeTarget "DodsBreedTests" */;
			buildPhases = (
				08641D4628C4F8C400C345B8 /* Sources */,
				08641D4728C4F8C400C345B8 /* Frameworks */,
				08641D4828C4F8C400C345B8 /* Resources */,
			);
			buildRules = (
			);
			dependencies = (
				08641D4C28C4F8C400C345B8 /* PBXTargetDependency */,
			);
			name = DodsBreedTests;
			productName = DodsBreedTests;
			productReference = 08641D4A28C4F8C400C345B8 /* DodsBreedTests.xctest */;
			productType = "com.apple.product-type.bundle.unit-test";
		};
		08641D5328C4F8C400C345B8 /* DodsBreedUITests */ = {
			isa = PBXNativeTarget;
			buildConfigurationList = 08641D6428C4F8C400C345B8 /* Build configuration list for PBXNativeTarget "DodsBreedUITests" */;
			buildPhases = (
				08641D5028C4F8C400C345B8 /* Sources */,
				08641D5128C4F8C400C345B8 /* Frameworks */,
				08641D5228C4F8C400C345B8 /* Resources */,
			);
			buildRules = (
			);
			dependencies = (
				08641D5628C4F8C400C345B8 /* PBXTargetDependency */,
			);
			name = DodsBreedUITests;
			productName = DodsBreedUITests;
			productReference = 08641D5428C4F8C400C345B8 /* DodsBreedUITests.xctest */;
			productType = "com.apple.product-type.bundle.ui-testing";
		};
/* End PBXNativeTarget section */

/* Begin PBXProject section */
		08641D2C28C4F8C300C345B8 /* Project object */ = {
			isa = PBXProject;
			attributes = {
				BuildIndependentTargetsInParallel = 1;
				LastSwiftUpdateCheck = 1330;
				LastUpgradeCheck = 1330;
				TargetAttributes = {
					08641D3328C4F8C300C345B8 = {
						CreatedOnToolsVersion = 13.3;
					};
					08641D4928C4F8C400C345B8 = {
						CreatedOnToolsVersion = 13.3;
						TestTargetID = 08641D3328C4F8C300C345B8;
					};
					08641D5328C4F8C400C345B8 = {
						CreatedOnToolsVersion = 13.3;
						TestTargetID = 08641D3328C4F8C300C345B8;
					};
				};
			};
			buildConfigurationList = 08641D2F28C4F8C300C345B8 /* Build configuration list for PBXProject "DodsBreed" */;
			compatibilityVersion = "Xcode 13.0";
			developmentRegion = en;
			hasScannedForEncodings = 0;
			knownRegions = (
				en,
				Base,
			);
			mainGroup = 08641D2B28C4F8C300C345B8;
			productRefGroup = 08641D3528C4F8C300C345B8 /* Products */;
			projectDirPath = "";
			projectRoot = "";
			targets = (
				08641D3328C4F8C300C345B8 /* DodsBreed */,
				08641D4928C4F8C400C345B8 /* DodsBreedTests */,
				08641D5328C4F8C400C345B8 /* DodsBreedUITests */,
			);
		};
/* End PBXProject section */

/* Begin PBXResourcesBuildPhase section */
		08641D3228C4F8C300C345B8 /* Resources */ = {
			isa = PBXResourcesBuildPhase;
			buildActionMask = 2147483647;
			files = (
				08641D4428C4F8C400C345B8 /* LaunchScreen.storyboard in Resources */,
				08641D4128C4F8C400C345B8 /* Assets.xcassets in Resources */,
				08641D9328C5FAB200C345B8 /* DogBreedsData.json in Resources */,
				08A816582C37AFB900AE7772 /* Animation - dog and man.json in Resources */,
				08A816562C36FBEB00AE7772 /* Animation - dog.json in Resources */,
			);
			runOnlyForDeploymentPostprocessing = 0;
		};
		08641D4828C4F8C400C345B8 /* Resources */ = {
			isa = PBXResourcesBuildPhase;
			buildActionMask = 2147483647;
			files = (
			);
			runOnlyForDeploymentPostprocessing = 0;
		};
		08641D5228C4F8C400C345B8 /* Resources */ = {
			isa = PBXResourcesBuildPhase;
			buildActionMask = 2147483647;
			files = (
			);
			runOnlyForDeploymentPostprocessing = 0;
		};
/* End PBXResourcesBuildPhase section */

/* Begin PBXShellScriptBuildPhase section */
		341E3953026C67B5FAD34FF8 /* [CP] Embed Pods Frameworks */ = {
			isa = PBXShellScriptBuildPhase;
			buildActionMask = 2147483647;
			files = (
			);
			inputFileListPaths = (
				"${PODS_ROOT}/Target Support Files/Pods-DodsBreed/Pods-DodsBreed-frameworks-${CONFIGURATION}-input-files.xcfilelist",
			);
			name = "[CP] Embed Pods Frameworks";
			outputFileListPaths = (
				"${PODS_ROOT}/Target Support Files/Pods-DodsBreed/Pods-DodsBreed-frameworks-${CONFIGURATION}-output-files.xcfilelist",
			);
			runOnlyForDeploymentPostprocessing = 0;
			shellPath = /bin/sh;
			shellScript = "\"${PODS_ROOT}/Target Support Files/Pods-DodsBreed/Pods-DodsBreed-frameworks.sh\"\n";
			showEnvVarsInLog = 0;
		};
		4A79598613056C4FCF8293CE /* [CP] Check Pods Manifest.lock */ = {
			isa = PBXShellScriptBuildPhase;
			buildActionMask = 2147483647;
			files = (
			);
			inputFileListPaths = (
			);
			inputPaths = (
				"${PODS_PODFILE_DIR_PATH}/Podfile.lock",
				"${PODS_ROOT}/Manifest.lock",
			);
			name = "[CP] Check Pods Manifest.lock";
			outputFileListPaths = (
			);
			outputPaths = (
				"$(DERIVED_FILE_DIR)/Pods-DodsBreed-checkManifestLockResult.txt",
			);
			runOnlyForDeploymentPostprocessing = 0;
			shellPath = /bin/sh;
			shellScript = "diff \"${PODS_PODFILE_DIR_PATH}/Podfile.lock\" \"${PODS_ROOT}/Manifest.lock\" > /dev/null\nif [ $? != 0 ] ; then\n    # print error to STDERR\n    echo \"error: The sandbox is not in sync with the Podfile.lock. Run 'pod install' or update your CocoaPods installation.\" >&2\n    exit 1\nfi\n# This output is used by Xcode 'outputs' to avoid re-running this script phase.\necho \"SUCCESS\" > \"${SCRIPT_OUTPUT_FILE_0}\"\n";
			showEnvVarsInLog = 0;
		};
		CBFB78D9F998F664599CF19C /* [CP] Copy Pods Resources */ = {
			isa = PBXShellScriptBuildPhase;
			buildActionMask = 2147483647;
			files = (
			);
			inputFileListPaths = (
				"${PODS_ROOT}/Target Support Files/Pods-DodsBreed/Pods-DodsBreed-resources-${CONFIGURATION}-input-files.xcfilelist",
			);
			name = "[CP] Copy Pods Resources";
			outputFileListPaths = (
				"${PODS_ROOT}/Target Support Files/Pods-DodsBreed/Pods-DodsBreed-resources-${CONFIGURATION}-output-files.xcfilelist",
			);
			runOnlyForDeploymentPostprocessing = 0;
			shellPath = /bin/sh;
			shellScript = "\"${PODS_ROOT}/Target Support Files/Pods-DodsBreed/Pods-DodsBreed-resources.sh\"\n";
			showEnvVarsInLog = 0;
		};
/* End PBXShellScriptBuildPhase section */

/* Begin PBXSourcesBuildPhase section */
		08641D3028C4F8C300C345B8 /* Sources */ = {
			isa = PBXSourcesBuildPhase;
			buildActionMask = 2147483647;
			files = (
				088A380528F7FF23000105BB /* DogBreedsDetailsBuilder.swift in Sources */,
				088A381028F8016C000105BB /* LocationDetailsProvider.swift in Sources */,
				0801270429D6D16E0096B57C /* DogBreedsErrorView.swift in Sources */,
				08D7D4A52C27FF8500D104D8 /* ProfileInteractor.swift in Sources */,
				08D7D4AD2C27FFDC00D104D8 /* ProfileViewDataFlow.swift in Sources */,
				08D7D4C32C282EB200D104D8 /* ProfileService.swift in Sources */,
				08641D3C28C4F8C300C345B8 /* DogBreedsViewController.swift in Sources */,
				08A8165A2C37B65F00AE7772 /* OnboardingSlideView.swift in Sources */,
				088A37FE28F7F4C5000105BB /* UniqueIdentifiable.swift in Sources */,
				08D7D4BF2C28125900D104D8 /* PlistHelper.swift in Sources */,
				088A380928F7FF3E000105BB /* DogBreedsDetailsPresenter.swift in Sources */,
				088A381328F9307E000105BB /* DogBreedsProvider.swift in Sources */,
				08641D8928C5F9E000C345B8 /* DogBreedsTableViewDelegate.swift in Sources */,
				08E619E82C26EA620067797F /* DBDefaultsKeys.swift in Sources */,
				088A380728F7FF32000105BB /* DogBreedsDetailsInteractor.swift in Sources */,
				088A380B28F7FF4F000105BB /* DogBreedsDetailsViewController.swift in Sources */,
				088A37FC28F7E015000105BB /* Result.swift in Sources */,
				08641D9528C5FAE400C345B8 /* DogBreedsModel.swift in Sources */,
				08E619E62C26E7E80067797F /* DBDefaults.swift in Sources */,
				08641D3828C4F8C300C345B8 /* AppDelegate.swift in Sources */,
				08D7D4C52C28637400D104D8 /* ProfileDataStore.swift in Sources */,
				080126FE29D6CFBB0096B57C /* UITableView+Extension.swift in Sources */,
				0848502D299280BA00FF6D02 /* ModuleBuilder.swift in Sources */,
				08641D9B28C600F100C345B8 /* DogBreedsInteractor.swift in Sources */,
				0848502B2990FC0A00FF6D02 /* DogBreedsDataStore.swift in Sources */,
				088A380328F7FF13000105BB /* DogBreedsDetailsDataFlow.swift in Sources */,
				080126FC29D6CFA90096B57C /* UIStackView+Extension.swift in Sources */,
				08641D9F28C6011A00C345B8 /* DogBreedsDataFlow.swift in Sources */,
				080126FA29D6CF950096B57C /* UIView+Extension.swift in Sources */,
				08D7D4C12C28194A00D104D8 /* UIImage+Extension.swift in Sources */,
				08D7D4CB2C28942700D104D8 /* Sizes.swift in Sources */,
				088A380028F7F56B000105BB /* DogBreedsRouter.swift in Sources */,
				08D7D4B62C2802F100D104D8 /* ProfileProvider.swift in Sources */,
				084850282990E30200FF6D02 /* DogBreedsViewModel.swift in Sources */,
				088A380D28F7FF68000105BB /* DogBreedsDetailsView.swift in Sources */,
				08D7D4B02C2802AE00D104D8 /* ProfileViewModel.swift in Sources */,
				08641D9D28C6010100C345B8 /* DogBreedsPresenter.swift in Sources */,
				08A816522C36FB2100AE7772 /* OnboardingView.swift in Sources */,
				0801270029D6CFE50096B57C /* Array+Extension.swift in Sources */,
				08D7D4A12C27FF6800D104D8 /* ProfileView.swift in Sources */,
				08D7D4C72C2875FF00D104D8 /* UIViewController+Extension.swift in Sources */,
				08D7D4C92C28825B00D104D8 /* BlockBarButtonItem.swift in Sources */,
				08E77A4B29547DAF002EB211 /* DogBreedsDetailsViewModel.swift in Sources */,
				08D7D4A72C27FF9100D104D8 /* ProfilePresenter.swift in Sources */,
				08641D8628C5F3D800C345B8 /* DogBreedsView.swift in Sources */,
				08A816542C36FB3800AE7772 /* OnboardingViewController.swift in Sources */,
				0801270229D6D1080096B57C /* DogBreedsPreferencesView.swift in Sources */,
				08641D9928C5FB2800C345B8 /* DogBreedsService.swift in Sources */,
				08641D8328C527C500C345B8 /* DogBreedsBuilder.swift in Sources */,
				08D7D4A32C27FF7500D104D8 /* ProfileViewController.swift in Sources */,
				08D7D4B32C2802D200D104D8 /* ProfileModel.swift in Sources */,
				08641D8E28C5FA0800C345B8 /* DogBreedsCell.swift in Sources */,
				08641D8B28C5F9ED00C345B8 /* DogBreedsTableViewDataSource.swift in Sources */,
			);
			runOnlyForDeploymentPostprocessing = 0;
		};
		08641D4628C4F8C400C345B8 /* Sources */ = {
			isa = PBXSourcesBuildPhase;
			buildActionMask = 2147483647;
			files = (
			);
			runOnlyForDeploymentPostprocessing = 0;
		};
		08641D5028C4F8C400C345B8 /* Sources */ = {
			isa = PBXSourcesBuildPhase;
			buildActionMask = 2147483647;
			files = (
			);
			runOnlyForDeploymentPostprocessing = 0;
		};
/* End PBXSourcesBuildPhase section */

/* Begin PBXTargetDependency section */
		08641D4C28C4F8C400C345B8 /* PBXTargetDependency */ = {
			isa = PBXTargetDependency;
			target = 08641D3328C4F8C300C345B8 /* DodsBreed */;
			targetProxy = 08641D4B28C4F8C400C345B8 /* PBXContainerItemProxy */;
		};
		08641D5628C4F8C400C345B8 /* PBXTargetDependency */ = {
			isa = PBXTargetDependency;
			target = 08641D3328C4F8C300C345B8 /* DodsBreed */;
			targetProxy = 08641D5528C4F8C400C345B8 /* PBXContainerItemProxy */;
		};
/* End PBXTargetDependency section */

/* Begin PBXVariantGroup section */
		08641D4228C4F8C400C345B8 /* LaunchScreen.storyboard */ = {
			isa = PBXVariantGroup;
			children = (
				08641D4328C4F8C400C345B8 /* Base */,
			);
			name = LaunchScreen.storyboard;
			sourceTree = "<group>";
		};
/* End PBXVariantGroup section */

/* Begin XCBuildConfiguration section */
		08641D5C28C4F8C400C345B8 /* Debug */ = {
			isa = XCBuildConfiguration;
			buildSettings = {
				ALWAYS_SEARCH_USER_PATHS = NO;
				CLANG_ANALYZER_NONNULL = YES;
				CLANG_ANALYZER_NUMBER_OBJECT_CONVERSION = YES_AGGRESSIVE;
				CLANG_CXX_LANGUAGE_STANDARD = "gnu++17";
				CLANG_ENABLE_MODULES = YES;
				CLANG_ENABLE_OBJC_ARC = YES;
				CLANG_ENABLE_OBJC_WEAK = YES;
				CLANG_WARN_BLOCK_CAPTURE_AUTORELEASING = YES;
				CLANG_WARN_BOOL_CONVERSION = YES;
				CLANG_WARN_COMMA = YES;
				CLANG_WARN_CONSTANT_CONVERSION = YES;
				CLANG_WARN_DEPRECATED_OBJC_IMPLEMENTATIONS = YES;
				CLANG_WARN_DIRECT_OBJC_ISA_USAGE = YES_ERROR;
				CLANG_WARN_DOCUMENTATION_COMMENTS = YES;
				CLANG_WARN_EMPTY_BODY = YES;
				CLANG_WARN_ENUM_CONVERSION = YES;
				CLANG_WARN_INFINITE_RECURSION = YES;
				CLANG_WARN_INT_CONVERSION = YES;
				CLANG_WARN_NON_LITERAL_NULL_CONVERSION = YES;
				CLANG_WARN_OBJC_IMPLICIT_RETAIN_SELF = YES;
				CLANG_WARN_OBJC_LITERAL_CONVERSION = YES;
				CLANG_WARN_OBJC_ROOT_CLASS = YES_ERROR;
				CLANG_WARN_QUOTED_INCLUDE_IN_FRAMEWORK_HEADER = YES;
				CLANG_WARN_RANGE_LOOP_ANALYSIS = YES;
				CLANG_WARN_STRICT_PROTOTYPES = YES;
				CLANG_WARN_SUSPICIOUS_MOVE = YES;
				CLANG_WARN_UNGUARDED_AVAILABILITY = YES_AGGRESSIVE;
				CLANG_WARN_UNREACHABLE_CODE = YES;
				CLANG_WARN__DUPLICATE_METHOD_MATCH = YES;
				COPY_PHASE_STRIP = NO;
				DEBUG_INFORMATION_FORMAT = dwarf;
				ENABLE_STRICT_OBJC_MSGSEND = YES;
				ENABLE_TESTABILITY = YES;
				GCC_C_LANGUAGE_STANDARD = gnu11;
				GCC_DYNAMIC_NO_PIC = NO;
				GCC_NO_COMMON_BLOCKS = YES;
				GCC_OPTIMIZATION_LEVEL = 0;
				GCC_PREPROCESSOR_DEFINITIONS = (
					"DEBUG=1",
					"$(inherited)",
				);
				GCC_WARN_64_TO_32_BIT_CONVERSION = YES;
				GCC_WARN_ABOUT_RETURN_TYPE = YES_ERROR;
				GCC_WARN_UNDECLARED_SELECTOR = YES;
				GCC_WARN_UNINITIALIZED_AUTOS = YES_AGGRESSIVE;
				GCC_WARN_UNUSED_FUNCTION = YES;
				GCC_WARN_UNUSED_VARIABLE = YES;
				IPHONEOS_DEPLOYMENT_TARGET = 15.4;
				MTL_ENABLE_DEBUG_INFO = INCLUDE_SOURCE;
				MTL_FAST_MATH = YES;
				ONLY_ACTIVE_ARCH = YES;
				SDKROOT = iphoneos;
				SWIFT_ACTIVE_COMPILATION_CONDITIONS = DEBUG;
				SWIFT_OPTIMIZATION_LEVEL = "-Onone";
			};
			name = Debug;
		};
		08641D5D28C4F8C400C345B8 /* Release */ = {
			isa = XCBuildConfiguration;
			buildSettings = {
				ALWAYS_SEARCH_USER_PATHS = NO;
				CLANG_ANALYZER_NONNULL = YES;
				CLANG_ANALYZER_NUMBER_OBJECT_CONVERSION = YES_AGGRESSIVE;
				CLANG_CXX_LANGUAGE_STANDARD = "gnu++17";
				CLANG_ENABLE_MODULES = YES;
				CLANG_ENABLE_OBJC_ARC = YES;
				CLANG_ENABLE_OBJC_WEAK = YES;
				CLANG_WARN_BLOCK_CAPTURE_AUTORELEASING = YES;
				CLANG_WARN_BOOL_CONVERSION = YES;
				CLANG_WARN_COMMA = YES;
				CLANG_WARN_CONSTANT_CONVERSION = YES;
				CLANG_WARN_DEPRECATED_OBJC_IMPLEMENTATIONS = YES;
				CLANG_WARN_DIRECT_OBJC_ISA_USAGE = YES_ERROR;
				CLANG_WARN_DOCUMENTATION_COMMENTS = YES;
				CLANG_WARN_EMPTY_BODY = YES;
				CLANG_WARN_ENUM_CONVERSION = YES;
				CLANG_WARN_INFINITE_RECURSION = YES;
				CLANG_WARN_INT_CONVERSION = YES;
				CLANG_WARN_NON_LITERAL_NULL_CONVERSION = YES;
				CLANG_WARN_OBJC_IMPLICIT_RETAIN_SELF = YES;
				CLANG_WARN_OBJC_LITERAL_CONVERSION = YES;
				CLANG_WARN_OBJC_ROOT_CLASS = YES_ERROR;
				CLANG_WARN_QUOTED_INCLUDE_IN_FRAMEWORK_HEADER = YES;
				CLANG_WARN_RANGE_LOOP_ANALYSIS = YES;
				CLANG_WARN_STRICT_PROTOTYPES = YES;
				CLANG_WARN_SUSPICIOUS_MOVE = YES;
				CLANG_WARN_UNGUARDED_AVAILABILITY = YES_AGGRESSIVE;
				CLANG_WARN_UNREACHABLE_CODE = YES;
				CLANG_WARN__DUPLICATE_METHOD_MATCH = YES;
				COPY_PHASE_STRIP = NO;
				DEBUG_INFORMATION_FORMAT = "dwarf-with-dsym";
				ENABLE_NS_ASSERTIONS = NO;
				ENABLE_STRICT_OBJC_MSGSEND = YES;
				GCC_C_LANGUAGE_STANDARD = gnu11;
				GCC_NO_COMMON_BLOCKS = YES;
				GCC_WARN_64_TO_32_BIT_CONVERSION = YES;
				GCC_WARN_ABOUT_RETURN_TYPE = YES_ERROR;
				GCC_WARN_UNDECLARED_SELECTOR = YES;
				GCC_WARN_UNINITIALIZED_AUTOS = YES_AGGRESSIVE;
				GCC_WARN_UNUSED_FUNCTION = YES;
				GCC_WARN_UNUSED_VARIABLE = YES;
				IPHONEOS_DEPLOYMENT_TARGET = 15.4;
				MTL_ENABLE_DEBUG_INFO = NO;
				MTL_FAST_MATH = YES;
				SDKROOT = iphoneos;
				SWIFT_COMPILATION_MODE = wholemodule;
				SWIFT_OPTIMIZATION_LEVEL = "-O";
				VALIDATE_PRODUCT = YES;
			};
			name = Release;
		};
		08641D5F28C4F8C400C345B8 /* Debug */ = {
			isa = XCBuildConfiguration;
			baseConfigurationReference = F593CFDDBAFB41CFA3683CCA /* Pods-DodsBreed.debug.xcconfig */;
			buildSettings = {
				ASSETCATALOG_COMPILER_APPICON_NAME = AppIcon;
				ASSETCATALOG_COMPILER_GLOBAL_ACCENT_COLOR_NAME = AccentColor;
				CODE_SIGN_STYLE = Automatic;
				CURRENT_PROJECT_VERSION = 1;
				DEVELOPMENT_TEAM = GHH5393RJV;
				GENERATE_INFOPLIST_FILE = YES;
				INFOPLIST_FILE = DodsBreed/Info.plist;
				INFOPLIST_KEY_NSLocationUsageDescription = yandexMap;
				INFOPLIST_KEY_UIApplicationSupportsIndirectInputEvents = YES;
				INFOPLIST_KEY_UILaunchStoryboardName = Main.storyboard;
				INFOPLIST_KEY_UIStatusBarStyle = "";
				INFOPLIST_KEY_UISupportedInterfaceOrientations = UIInterfaceOrientationPortrait;
				LD_RUNPATH_SEARCH_PATHS = (
					"$(inherited)",
					"@executable_path/Frameworks",
				);
				MARKETING_VERSION = 1.0;
				PRODUCT_BUNDLE_IDENTIFIER = com.tatana.DodsBreed;
				PRODUCT_NAME = "$(TARGET_NAME)";
				SWIFT_EMIT_LOC_STRINGS = YES;
				SWIFT_VERSION = 5.0;
				TARGETED_DEVICE_FAMILY = "1,2";
			};
			name = Debug;
		};
		08641D6028C4F8C400C345B8 /* Release */ = {
			isa = XCBuildConfiguration;
			baseConfigurationReference = 4DE8DD5E9F8DDB2BBDCE5AAA /* Pods-DodsBreed.release.xcconfig */;
			buildSettings = {
				ASSETCATALOG_COMPILER_APPICON_NAME = AppIcon;
				ASSETCATALOG_COMPILER_GLOBAL_ACCENT_COLOR_NAME = AccentColor;
				CODE_SIGN_STYLE = Automatic;
				CURRENT_PROJECT_VERSION = 1;
				DEVELOPMENT_TEAM = GHH5393RJV;
				GENERATE_INFOPLIST_FILE = YES;
				INFOPLIST_FILE = DodsBreed/Info.plist;
				INFOPLIST_KEY_NSLocationUsageDescription = yandexMap;
				INFOPLIST_KEY_UIApplicationSupportsIndirectInputEvents = YES;
				INFOPLIST_KEY_UILaunchStoryboardName = Main.storyboard;
				INFOPLIST_KEY_UIStatusBarStyle = "";
				INFOPLIST_KEY_UISupportedInterfaceOrientations = UIInterfaceOrientationPortrait;
				LD_RUNPATH_SEARCH_PATHS = (
					"$(inherited)",
					"@executable_path/Frameworks",
				);
				MARKETING_VERSION = 1.0;
				PRODUCT_BUNDLE_IDENTIFIER = com.tatana.DodsBreed;
				PRODUCT_NAME = "$(TARGET_NAME)";
				SWIFT_EMIT_LOC_STRINGS = YES;
				SWIFT_VERSION = 5.0;
				TARGETED_DEVICE_FAMILY = "1,2";
			};
			name = Release;
		};
		08641D6228C4F8C400C345B8 /* Debug */ = {
			isa = XCBuildConfiguration;
			buildSettings = {
				ALWAYS_EMBED_SWIFT_STANDARD_LIBRARIES = YES;
				BUNDLE_LOADER = "$(TEST_HOST)";
				CODE_SIGN_STYLE = Automatic;
				CURRENT_PROJECT_VERSION = 1;
				GENERATE_INFOPLIST_FILE = YES;
				IPHONEOS_DEPLOYMENT_TARGET = 15.4;
				MARKETING_VERSION = 1.0;
				PRODUCT_BUNDLE_IDENTIFIER = com.tatana.DodsBreedTests;
				PRODUCT_NAME = "$(TARGET_NAME)";
				SWIFT_EMIT_LOC_STRINGS = NO;
				SWIFT_VERSION = 5.0;
				TARGETED_DEVICE_FAMILY = "1,2";
				TEST_HOST = "$(BUILT_PRODUCTS_DIR)/DodsBreed.app/DodsBreed";
			};
			name = Debug;
		};
		08641D6328C4F8C400C345B8 /* Release */ = {
			isa = XCBuildConfiguration;
			buildSettings = {
				ALWAYS_EMBED_SWIFT_STANDARD_LIBRARIES = YES;
				BUNDLE_LOADER = "$(TEST_HOST)";
				CODE_SIGN_STYLE = Automatic;
				CURRENT_PROJECT_VERSION = 1;
				GENERATE_INFOPLIST_FILE = YES;
				IPHONEOS_DEPLOYMENT_TARGET = 15.4;
				MARKETING_VERSION = 1.0;
				PRODUCT_BUNDLE_IDENTIFIER = com.tatana.DodsBreedTests;
				PRODUCT_NAME = "$(TARGET_NAME)";
				SWIFT_EMIT_LOC_STRINGS = NO;
				SWIFT_VERSION = 5.0;
				TARGETED_DEVICE_FAMILY = "1,2";
				TEST_HOST = "$(BUILT_PRODUCTS_DIR)/DodsBreed.app/DodsBreed";
			};
			name = Release;
		};
		08641D6528C4F8C400C345B8 /* Debug */ = {
			isa = XCBuildConfiguration;
			buildSettings = {
				ALWAYS_EMBED_SWIFT_STANDARD_LIBRARIES = YES;
				CODE_SIGN_STYLE = Automatic;
				CURRENT_PROJECT_VERSION = 1;
				GENERATE_INFOPLIST_FILE = YES;
				MARKETING_VERSION = 1.0;
				PRODUCT_BUNDLE_IDENTIFIER = com.tatana.DodsBreedUITests;
				PRODUCT_NAME = "$(TARGET_NAME)";
				SWIFT_EMIT_LOC_STRINGS = NO;
				SWIFT_VERSION = 5.0;
				TARGETED_DEVICE_FAMILY = "1,2";
				TEST_TARGET_NAME = DodsBreed;
			};
			name = Debug;
		};
		08641D6628C4F8C400C345B8 /* Release */ = {
			isa = XCBuildConfiguration;
			buildSettings = {
				ALWAYS_EMBED_SWIFT_STANDARD_LIBRARIES = YES;
				CODE_SIGN_STYLE = Automatic;
				CURRENT_PROJECT_VERSION = 1;
				GENERATE_INFOPLIST_FILE = YES;
				MARKETING_VERSION = 1.0;
				PRODUCT_BUNDLE_IDENTIFIER = com.tatana.DodsBreedUITests;
				PRODUCT_NAME = "$(TARGET_NAME)";
				SWIFT_EMIT_LOC_STRINGS = NO;
				SWIFT_VERSION = 5.0;
				TARGETED_DEVICE_FAMILY = "1,2";
				TEST_TARGET_NAME = DodsBreed;
			};
			name = Release;
		};
/* End XCBuildConfiguration section */

/* Begin XCConfigurationList section */
		08641D2F28C4F8C300C345B8 /* Build configuration list for PBXProject "DodsBreed" */ = {
			isa = XCConfigurationList;
			buildConfigurations = (
				08641D5C28C4F8C400C345B8 /* Debug */,
				08641D5D28C4F8C400C345B8 /* Release */,
			);
			defaultConfigurationIsVisible = 0;
			defaultConfigurationName = Release;
		};
		08641D5E28C4F8C400C345B8 /* Build configuration list for PBXNativeTarget "DodsBreed" */ = {
			isa = XCConfigurationList;
			buildConfigurations = (
				08641D5F28C4F8C400C345B8 /* Debug */,
				08641D6028C4F8C400C345B8 /* Release */,
			);
			defaultConfigurationIsVisible = 0;
			defaultConfigurationName = Release;
		};
		08641D6128C4F8C400C345B8 /* Build configuration list for PBXNativeTarget "DodsBreedTests" */ = {
			isa = XCConfigurationList;
			buildConfigurations = (
				08641D6228C4F8C400C345B8 /* Debug */,
				08641D6328C4F8C400C345B8 /* Release */,
			);
			defaultConfigurationIsVisible = 0;
			defaultConfigurationName = Release;
		};
		08641D6428C4F8C400C345B8 /* Build configuration list for PBXNativeTarget "DodsBreedUITests" */ = {
			isa = XCConfigurationList;
			buildConfigurations = (
				08641D6528C4F8C400C345B8 /* Debug */,
				08641D6628C4F8C400C345B8 /* Release */,
			);
			defaultConfigurationIsVisible = 0;
			defaultConfigurationName = Release;
		};
/* End XCConfigurationList section */
	};
	rootObject = 08641D2C28C4F8C300C345B8 /* Project object */;
}
